{
  "name": "nodejs-console-app1",
  "version": "0.0.0",
  "lockfileVersion": 1,
  "requires": true,
  "dependencies": {
    "@types/node": {
      "version": "8.0.57",
      "resolved": "https://registry.npmjs.org/@types/node/-/node-8.0.57.tgz",
      "integrity": "sha512-ZxrhcBxlZA7tn0HFf7ebUYfR9aHyBgjyavBLzyrYMYuAMbONBPY4S5O35562iV2FfwnZCjQky3gTDy1B3jSZ2Q=="
    },
    "typescript": {
      "version": "2.6.2",
      "resolved": "https://registry.npmjs.org/typescript/-/typescript-2.6.2.tgz",
      "integrity": "sha1-PFtv1/beCRQmkCfwPAlGdY92c6Q="
    }
  }
}
